
Microsoft Visual Studio Solution File, Format Version 12.00
# Visual Studio Version 17
VisualStudioVersion = 17.11.35312.102
MinimumVisualStudioVersion = 10.0.40219.1
Project("{FAE04EC0-301F-11D3-BF4B-00C04F79EFBC}") = "ControlPanelGeshk", "ControlPanelGeshk\ControlPanelGeshk.csproj", "{4C79A25D-8476-4254-A61A-2851916DB0CD}"
EndProject
Global
	GlobalSection(SolutionConfigurationPlatforms) = preSolution
		Debug|Any CPU = Debug|Any CPU
		Release|Any CPU = Release|Any CPU
	EndGlobalSection
	GlobalSection(ProjectConfigurationPlatforms) = postSolution
		{4C79A25D-8476-4254-A61A-2851916DB0CD}.Debug|Any CPU.ActiveCfg = Debug|Any CPU
		{4C79A25D-8476-4254-A61A-2851916DB0CD}.Debug|Any CPU.Build.0 = Debug|Any CPU
		{4C79A25D-8476-4254-A61A-2851916DB0CD}.Release|Any CPU.ActiveCfg = Release|Any CPU
		{4C79A25D-8476-4254-A61A-2851916DB0CD}.Release|Any CPU.Build.0 = Release|Any CPU
	EndGlobalSection
	GlobalSection(SolutionProperties) = preSolution
		HideSolutionNode = FALSE
	EndGlobalSection
	GlobalSection(ExtensibilityGlobals) = postSolution
		SolutionGuid = {5C9BEFAA-E29F-451D-91AD-B352658B29F9}
	EndGlobalSection
EndGlobal
